// !$*UTF8*$!
{
	archiveVersion = 1;
	classes = {
	};
	objectVersion = 56;
	objects = {

/* Begin PBXBuildFile section */
		A7B1681B2BCEAB5B000A92AF /* AppetizerListViewModel.swift in Sources */ = {isa = PBXBuildFile; fileRef = A7B1681A2BCEAB5B000A92AF /* AppetizerListViewModel.swift */; };
		E77881362BCD5B55002CACA6 /* AppetizersApp.swift in Sources */ = {isa = PBXBuildFile; fileRef = E77881352BCD5B55002CACA6 /* AppetizersApp.swift */; };
		E77881382BCD5B55002CACA6 /* AppetizerTabView.swift in Sources */ = {isa = PBXBuildFile; fileRef = E77881372BCD5B55002CACA6 /* AppetizerTabView.swift */; };
		E778813A2BCD5B58002CACA6 /* Assets.xcassets in Resources */ = {isa = PBXBuildFile; fileRef = E77881392BCD5B58002CACA6 /* Assets.xcassets */; };
		E778813D2BCD5B58002CACA6 /* Preview Assets.xcassets in Resources */ = {isa = PBXBuildFile; fileRef = E778813C2BCD5B58002CACA6 /* Preview Assets.xcassets */; };
		E77881472BCD5B58002CACA6 /* AppetizersTests.swift in Sources */ = {isa = PBXBuildFile; fileRef = E77881462BCD5B58002CACA6 /* AppetizersTests.swift */; };
		E77881512BCD5B58002CACA6 /* AppetizersUITests.swift in Sources */ = {isa = PBXBuildFile; fileRef = E77881502BCD5B58002CACA6 /* AppetizersUITests.swift */; };
		E77881532BCD5B58002CACA6 /* AppetizersUITestsLaunchTests.swift in Sources */ = {isa = PBXBuildFile; fileRef = E77881522BCD5B58002CACA6 /* AppetizersUITestsLaunchTests.swift */; };
		E77881602BCD5BEE002CACA6 /* AppetizerListView.swift in Sources */ = {isa = PBXBuildFile; fileRef = E778815F2BCD5BEE002CACA6 /* AppetizerListView.swift */; };
		E77881622BCD5C09002CACA6 /* AccountView.swift in Sources */ = {isa = PBXBuildFile; fileRef = E77881612BCD5C09002CACA6 /* AccountView.swift */; };
		E77881642BCD5C20002CACA6 /* OrderView.swift in Sources */ = {isa = PBXBuildFile; fileRef = E77881632BCD5C20002CACA6 /* OrderView.swift */; };
		E77881662BCD6650002CACA6 /* Appetizer.swift in Sources */ = {isa = PBXBuildFile; fileRef = E77881652BCD6650002CACA6 /* Appetizer.swift */; };
		E7A24E4C2BCFD72F00BCFD83 /* Alert.swift in Sources */ = {isa = PBXBuildFile; fileRef = E7A24E4B2BCFD72F00BCFD83 /* Alert.swift */; };
		E7A24E4E2BCFF1C000BCFD83 /* LoadingView.swift in Sources */ = {isa = PBXBuildFile; fileRef = E7A24E4D2BCFF1C000BCFD83 /* LoadingView.swift */; };
		E7A24E502BCFF2E900BCFD83 /* Color+Ext.swift in Sources */ = {isa = PBXBuildFile; fileRef = E7A24E4F2BCFF2E900BCFD83 /* Color+Ext.swift */; };
		F78D5E922BCD82D60055416E /* AppetizerListCell.swift in Sources */ = {isa = PBXBuildFile; fileRef = F78D5E912BCD82D60055416E /* AppetizerListCell.swift */; };
		F78D5E942BCD83B50055416E /* NetworkManager.swift in Sources */ = {isa = PBXBuildFile; fileRef = F78D5E932BCD83B50055416E /* NetworkManager.swift */; };
		F79BB1D92BCD8D7400904FE2 /* APError.swift in Sources */ = {isa = PBXBuildFile; fileRef = F79BB1D82BCD8D7400904FE2 /* APError.swift */; };
/* End PBXBuildFile section */

/* Begin PBXContainerItemProxy section */
		E77881432BCD5B58002CACA6 /* PBXContainerItemProxy */ = {
			isa = PBXContainerItemProxy;
			containerPortal = E778812A2BCD5B55002CACA6 /* Project object */;
			proxyType = 1;
			remoteGlobalIDString = E77881312BCD5B55002CACA6;
			remoteInfo = Appetizers;
		};
		E778814D2BCD5B58002CACA6 /* PBXContainerItemProxy */ = {
			isa = PBXContainerItemProxy;
			containerPortal = E778812A2BCD5B55002CACA6 /* Project object */;
			proxyType = 1;
			remoteGlobalIDString = E77881312BCD5B55002CACA6;
			remoteInfo = Appetizers;
		};
/* End PBXContainerItemProxy section */

/* Begin PBXFileReference section */
		A7B1681A2BCEAB5B000A92AF /* AppetizerListViewModel.swift */ = {isa = PBXFileReference; lastKnownFileType = sourcecode.swift; path = AppetizerListViewModel.swift; sourceTree = "<group>"; };
		E77881322BCD5B55002CACA6 /* Appetizers.app */ = {isa = PBXFileReference; explicitFileType = wrapper.application; includeInIndex = 0; path = Appetizers.app; sourceTree = BUILT_PRODUCTS_DIR; };
		E77881352BCD5B55002CACA6 /* AppetizersApp.swift */ = {isa = PBXFileReference; lastKnownFileType = sourcecode.swift; path = AppetizersApp.swift; sourceTree = "<group>"; };
		E77881372BCD5B55002CACA6 /* AppetizerTabView.swift */ = {isa = PBXFileReference; lastKnownFileType = sourcecode.swift; path = AppetizerTabView.swift; sourceTree = "<group>"; };
		E77881392BCD5B58002CACA6 /* Assets.xcassets */ = {isa = PBXFileReference; lastKnownFileType = folder.assetcatalog; path = Assets.xcassets; sourceTree = "<group>"; };
		E778813C2BCD5B58002CACA6 /* Preview Assets.xcassets */ = {isa = PBXFileReference; lastKnownFileType = folder.assetcatalog; path = "Preview Assets.xcassets"; sourceTree = "<group>"; };
		E77881422BCD5B58002CACA6 /* AppetizersTests.xctest */ = {isa = PBXFileReference; explicitFileType = wrapper.cfbundle; includeInIndex = 0; path = AppetizersTests.xctest; sourceTree = BUILT_PRODUCTS_DIR; };
		E77881462BCD5B58002CACA6 /* AppetizersTests.swift */ = {isa = PBXFileReference; lastKnownFileType = sourcecode.swift; path = AppetizersTests.swift; sourceTree = "<group>"; };
		E778814C2BCD5B58002CACA6 /* AppetizersUITests.xctest */ = {isa = PBXFileReference; explicitFileType = wrapper.cfbundle; includeInIndex = 0; path = AppetizersUITests.xctest; sourceTree = BUILT_PRODUCTS_DIR; };
		E77881502BCD5B58002CACA6 /* AppetizersUITests.swift */ = {isa = PBXFileReference; lastKnownFileType = sourcecode.swift; path = AppetizersUITests.swift; sourceTree = "<group>"; };
		E77881522BCD5B58002CACA6 /* AppetizersUITestsLaunchTests.swift */ = {isa = PBXFileReference; lastKnownFileType = sourcecode.swift; path = AppetizersUITestsLaunchTests.swift; sourceTree = "<group>"; };
		E778815F2BCD5BEE002CACA6 /* AppetizerListView.swift */ = {isa = PBXFileReference; lastKnownFileType = sourcecode.swift; path = AppetizerListView.swift; sourceTree = "<group>"; };
		E77881612BCD5C09002CACA6 /* AccountView.swift */ = {isa = PBXFileReference; lastKnownFileType = sourcecode.swift; path = AccountView.swift; sourceTree = "<group>"; };
		E77881632BCD5C20002CACA6 /* OrderView.swift */ = {isa = PBXFileReference; lastKnownFileType = sourcecode.swift; path = OrderView.swift; sourceTree = "<group>"; };
		E77881652BCD6650002CACA6 /* Appetizer.swift */ = {isa = PBXFileReference; lastKnownFileType = sourcecode.swift; path = Appetizer.swift; sourceTree = "<group>"; };
		E7A24E4B2BCFD72F00BCFD83 /* Alert.swift */ = {isa = PBXFileReference; lastKnownFileType = sourcecode.swift; path = Alert.swift; sourceTree = "<group>"; };
		E7A24E4D2BCFF1C000BCFD83 /* LoadingView.swift */ = {isa = PBXFileReference; lastKnownFileType = sourcecode.swift; path = LoadingView.swift; sourceTree = "<group>"; };
		E7A24E4F2BCFF2E900BCFD83 /* Color+Ext.swift */ = {isa = PBXFileReference; lastKnownFileType = sourcecode.swift; path = "Color+Ext.swift"; sourceTree = "<group>"; };
		F78D5E912BCD82D60055416E /* AppetizerListCell.swift */ = {isa = PBXFileReference; lastKnownFileType = sourcecode.swift; path = AppetizerListCell.swift; sourceTree = "<group>"; };
		F78D5E932BCD83B50055416E /* NetworkManager.swift */ = {isa = PBXFileReference; lastKnownFileType = sourcecode.swift; path = NetworkManager.swift; sourceTree = "<group>"; };
		F79BB1D82BCD8D7400904FE2 /* APError.swift */ = {isa = PBXFileReference; lastKnownFileType = sourcecode.swift; path = APError.swift; sourceTree = "<group>"; };
/* End PBXFileReference section */

/* Begin PBXFrameworksBuildPhase section */
		E778812F2BCD5B55002CACA6 /* Frameworks */ = {
			isa = PBXFrameworksBuildPhase;
			buildActionMask = 2147483647;
			files = (
			);
			runOnlyForDeploymentPostprocessing = 0;
		};
		E778813F2BCD5B58002CACA6 /* Frameworks */ = {
			isa = PBXFrameworksBuildPhase;
			buildActionMask = 2147483647;
			files = (
			);
			runOnlyForDeploymentPostprocessing = 0;
		};
		E77881492BCD5B58002CACA6 /* Frameworks */ = {
			isa = PBXFrameworksBuildPhase;
			buildActionMask = 2147483647;
			files = (
			);
			runOnlyForDeploymentPostprocessing = 0;
		};
/* End PBXFrameworksBuildPhase section */

/* Begin PBXGroup section */
		E77881292BCD5B55002CACA6 = {
			isa = PBXGroup;
			children = (
				E77881342BCD5B55002CACA6 /* Appetizers */,
				E77881452BCD5B58002CACA6 /* AppetizersTests */,
				E778814F2BCD5B58002CACA6 /* AppetizersUITests */,
				E77881332BCD5B55002CACA6 /* Products */,
			);
			sourceTree = "<group>";
		};
		E77881332BCD5B55002CACA6 /* Products */ = {
			isa = PBXGroup;
			children = (
				E77881322BCD5B55002CACA6 /* Appetizers.app */,
				E77881422BCD5B58002CACA6 /* AppetizersTests.xctest */,
				E778814C2BCD5B58002CACA6 /* AppetizersUITests.xctest */,
			);
			name = Products;
			sourceTree = "<group>";
		};
		E77881342BCD5B55002CACA6 /* Appetizers */ = {
			isa = PBXGroup;
			children = (
				E77881352BCD5B55002CACA6 /* AppetizersApp.swift */,
				E77881372BCD5B55002CACA6 /* AppetizerTabView.swift */,
				E77881392BCD5B58002CACA6 /* Assets.xcassets */,
				E778813B2BCD5B58002CACA6 /* Preview Content */,
				E778815F2BCD5BEE002CACA6 /* AppetizerListView.swift */,
				E77881612BCD5C09002CACA6 /* AccountView.swift */,
				E77881632BCD5C20002CACA6 /* OrderView.swift */,
				E77881652BCD6650002CACA6 /* Appetizer.swift */,
				F78D5E912BCD82D60055416E /* AppetizerListCell.swift */,
				F78D5E932BCD83B50055416E /* NetworkManager.swift */,
				F79BB1D82BCD8D7400904FE2 /* APError.swift */,
				A7B1681A2BCEAB5B000A92AF /* AppetizerListViewModel.swift */,
				E7A24E4B2BCFD72F00BCFD83 /* Alert.swift */,
				E7A24E4D2BCFF1C000BCFD83 /* LoadingView.swift */,
				E7A24E4F2BCFF2E900BCFD83 /* Color+Ext.swift */,
			);
			path = Appetizers;
			sourceTree = "<group>";
		};
		E778813B2BCD5B58002CACA6 /* Preview Content */ = {
			isa = PBXGroup;
			children = (
				E778813C2BCD5B58002CACA6 /* Preview Assets.xcassets */,
			);
			path = "Preview Content";
			sourceTree = "<group>";
		};
		E77881452BCD5B58002CACA6 /* AppetizersTests */ = {
			isa = PBXGroup;
			children = (
				E77881462BCD5B58002CACA6 /* AppetizersTests.swift */,
			);
			path = AppetizersTests;
			sourceTree = "<group>";
		};
		E778814F2BCD5B58002CACA6 /* AppetizersUITests */ = {
			isa = PBXGroup;
			children = (
				E77881502BCD5B58002CACA6 /* AppetizersUITests.swift */,
				E77881522BCD5B58002CACA6 /* AppetizersUITestsLaunchTests.swift */,
			);
			path = AppetizersUITests;
			sourceTree = "<group>";
		};
/* End PBXGroup section */

/* Begin PBXNativeTarget section */
		E77881312BCD5B55002CACA6 /* Appetizers */ = {
			isa = PBXNativeTarget;
			buildConfigurationList = E77881562BCD5B58002CACA6 /* Build configuration list for PBXNativeTarget "Appetizers" */;
			buildPhases = (
				E778812E2BCD5B55002CACA6 /* Sources */,
				E778812F2BCD5B55002CACA6 /* Frameworks */,
				E77881302BCD5B55002CACA6 /* Resources */,
			);
			buildRules = (
			);
			dependencies = (
			);
			name = Appetizers;
			productName = Appetizers;
			productReference = E77881322BCD5B55002CACA6 /* Appetizers.app */;
			productType = "com.apple.product-type.application";
		};
		E77881412BCD5B58002CACA6 /* AppetizersTests */ = {
			isa = PBXNativeTarget;
			buildConfigurationList = E77881592BCD5B58002CACA6 /* Build configuration list for PBXNativeTarget "AppetizersTests" */;
			buildPhases = (
				E778813E2BCD5B58002CACA6 /* Sources */,
				E778813F2BCD5B58002CACA6 /* Frameworks */,
				E77881402BCD5B58002CACA6 /* Resources */,
			);
			buildRules = (
			);
			dependencies = (
				E77881442BCD5B58002CACA6 /* PBXTargetDependency */,
			);
			name = AppetizersTests;
			productName = AppetizersTests;
			productReference = E77881422BCD5B58002CACA6 /* AppetizersTests.xctest */;
			productType = "com.apple.product-type.bundle.unit-test";
		};
		E778814B2BCD5B58002CACA6 /* AppetizersUITests */ = {
			isa = PBXNativeTarget;
			buildConfigurationList = E778815C2BCD5B58002CACA6 /* Build configuration list for PBXNativeTarget "AppetizersUITests" */;
			buildPhases = (
				E77881482BCD5B58002CACA6 /* Sources */,
				E77881492BCD5B58002CACA6 /* Frameworks */,
				E778814A2BCD5B58002CACA6 /* Resources */,
			);
			buildRules = (
			);
			dependencies = (
				E778814E2BCD5B58002CACA6 /* PBXTargetDependency */,
			);
			name = AppetizersUITests;
			productName = AppetizersUITests;
			productReference = E778814C2BCD5B58002CACA6 /* AppetizersUITests.xctest */;
			productType = "com.apple.product-type.bundle.ui-testing";
		};
/* End PBXNativeTarget section */

/* Begin PBXProject section */
		E778812A2BCD5B55002CACA6 /* Project object */ = {
			isa = PBXProject;
			attributes = {
				BuildIndependentTargetsInParallel = 1;
				LastSwiftUpdateCheck = 1500;
				LastUpgradeCheck = 1500;
				TargetAttributes = {
					E77881312BCD5B55002CACA6 = {
						CreatedOnToolsVersion = 15.0;
					};
					E77881412BCD5B58002CACA6 = {
						CreatedOnToolsVersion = 15.0;
						TestTargetID = E77881312BCD5B55002CACA6;
					};
					E778814B2BCD5B58002CACA6 = {
						CreatedOnToolsVersion = 15.0;
						TestTargetID = E77881312BCD5B55002CACA6;
					};
				};
			};
			buildConfigurationList = E778812D2BCD5B55002CACA6 /* Build configuration list for PBXProject "Appetizers" */;
			compatibilityVersion = "Xcode 14.0";
			developmentRegion = en;
			hasScannedForEncodings = 0;
			knownRegions = (
				en,
				Base,
			);
			mainGroup = E77881292BCD5B55002CACA6;
			productRefGroup = E77881332BCD5B55002CACA6 /* Products */;
			projectDirPath = "";
			projectRoot = "";
			targets = (
				E77881312BCD5B55002CACA6 /* Appetizers */,
				E77881412BCD5B58002CACA6 /* AppetizersTests */,
				E778814B2BCD5B58002CACA6 /* AppetizersUITests */,
			);
		};
/* End PBXProject section */

/* Begin PBXResourcesBuildPhase section */
		E77881302BCD5B55002CACA6 /* Resources */ = {
			isa = PBXResourcesBuildPhase;
			buildActionMask = 2147483647;
			files = (
				E778813D2BCD5B58002CACA6 /* Preview Assets.xcassets in Resources */,
				E778813A2BCD5B58002CACA6 /* Assets.xcassets in Resources */,
			);
			runOnlyForDeploymentPostprocessing = 0;
		};
		E77881402BCD5B58002CACA6 /* Resources */ = {
			isa = PBXResourcesBuildPhase;
			buildActionMask = 2147483647;
			files = (
			);
			runOnlyForDeploymentPostprocessing = 0;
		};
		E778814A2BCD5B58002CACA6 /* Resources */ = {
			isa = PBXResourcesBuildPhase;
			buildActionMask = 2147483647;
			files = (
			);
			runOnlyForDeploymentPostprocessing = 0;
		};
/* End PBXResourcesBuildPhase section */

/* Begin PBXSourcesBuildPhase section */
		E778812E2BCD5B55002CACA6 /* Sources */ = {
			isa = PBXSourcesBuildPhase;
			buildActionMask = 2147483647;
			files = (
				E77881662BCD6650002CACA6 /* Appetizer.swift in Sources */,
				F79BB1D92BCD8D7400904FE2 /* APError.swift in Sources */,
				F78D5E922BCD82D60055416E /* AppetizerListCell.swift in Sources */,
				A7B1681B2BCEAB5B000A92AF /* AppetizerListViewModel.swift in Sources */,
				E7A24E502BCFF2E900BCFD83 /* Color+Ext.swift in Sources */,
				E77881622BCD5C09002CACA6 /* AccountView.swift in Sources */,
				E7A24E4E2BCFF1C000BCFD83 /* LoadingView.swift in Sources */,
				E77881382BCD5B55002CACA6 /* AppetizerTabView.swift in Sources */,
				F78D5E942BCD83B50055416E /* NetworkManager.swift in Sources */,
				E77881362BCD5B55002CACA6 /* AppetizersApp.swift in Sources */,
				E7A24E4C2BCFD72F00BCFD83 /* Alert.swift in Sources */,
				E77881602BCD5BEE002CACA6 /* AppetizerListView.swift in Sources */,
				E77881642BCD5C20002CACA6 /* OrderView.swift in Sources */,
			);
			runOnlyForDeploymentPostprocessing = 0;
		};
		E778813E2BCD5B58002CACA6 /* Sources */ = {
			isa = PBXSourcesBuildPhase;
			buildActionMask = 2147483647;
			files = (
				E77881472BCD5B58002CACA6 /* AppetizersTests.swift in Sources */,
			);
			runOnlyForDeploymentPostprocessing = 0;
		};
		E77881482BCD5B58002CACA6 /* Sources */ = {
			isa = PBXSourcesBuildPhase;
			buildActionMask = 2147483647;
			files = (
				E77881512BCD5B58002CACA6 /* AppetizersUITests.swift in Sources */,
				E77881532BCD5B58002CACA6 /* AppetizersUITestsLaunchTests.swift in Sources */,
			);
			runOnlyForDeploymentPostprocessing = 0;
		};
/* End PBXSourcesBuildPhase section */

/* Begin PBXTargetDependency section */
		E77881442BCD5B58002CACA6 /* PBXTargetDependency */ = {
			isa = PBXTargetDependency;
			target = E77881312BCD5B55002CACA6 /* Appetizers */;
			targetProxy = E77881432BCD5B58002CACA6 /* PBXContainerItemProxy */;
		};
		E778814E2BCD5B58002CACA6 /* PBXTargetDependency */ = {
			isa = PBXTargetDependency;
			target = E77881312BCD5B55002CACA6 /* Appetizers */;
			targetProxy = E778814D2BCD5B58002CACA6 /* PBXContainerItemProxy */;
		};
/* End PBXTargetDependency section */

/* Begin XCBuildConfiguration section */
		E77881542BCD5B58002CACA6 /* Debug */ = {
			isa = XCBuildConfiguration;
			buildSettings = {
				ALWAYS_SEARCH_USER_PATHS = NO;
				ASSETCATALOG_COMPILER_GENERATE_SWIFT_ASSET_SYMBOL_EXTENSIONS = YES;
				CLANG_ANALYZER_NONNULL = YES;
				CLANG_ANALYZER_NUMBER_OBJECT_CONVERSION = YES_AGGRESSIVE;
				CLANG_CXX_LANGUAGE_STANDARD = "gnu++20";
				CLANG_ENABLE_MODULES = YES;
				CLANG_ENABLE_OBJC_ARC = YES;
				CLANG_ENABLE_OBJC_WEAK = YES;
				CLANG_WARN_BLOCK_CAPTURE_AUTORELEASING = YES;
				CLANG_WARN_BOOL_CONVERSION = YES;
				CLANG_WARN_COMMA = YES;
				CLANG_WARN_CONSTANT_CONVERSION = YES;
				CLANG_WARN_DEPRECATED_OBJC_IMPLEMENTATIONS = YES;
				CLANG_WARN_DIRECT_OBJC_ISA_USAGE = YES_ERROR;
				CLANG_WARN_DOCUMENTATION_COMMENTS = YES;
				CLANG_WARN_EMPTY_BODY = YES;
				CLANG_WARN_ENUM_CONVERSION = YES;
				CLANG_WARN_INFINITE_RECURSION = YES;
				CLANG_WARN_INT_CONVERSION = YES;
				CLANG_WARN_NON_LITERAL_NULL_CONVERSION = YES;
				CLANG_WARN_OBJC_IMPLICIT_RETAIN_SELF = YES;
				CLANG_WARN_OBJC_LITERAL_CONVERSION = YES;
				CLANG_WARN_OBJC_ROOT_CLASS = YES_ERROR;
				CLANG_WARN_QUOTED_INCLUDE_IN_FRAMEWORK_HEADER = YES;
				CLANG_WARN_RANGE_LOOP_ANALYSIS = YES;
				CLANG_WARN_STRICT_PROTOTYPES = YES;
				CLANG_WARN_SUSPICIOUS_MOVE = YES;
				CLANG_WARN_UNGUARDED_AVAILABILITY = YES_AGGRESSIVE;
				CLANG_WARN_UNREACHABLE_CODE = YES;
				CLANG_WARN__DUPLICATE_METHOD_MATCH = YES;
				COPY_PHASE_STRIP = NO;
				DEBUG_INFORMATION_FORMAT = dwarf;
				ENABLE_STRICT_OBJC_MSGSEND = YES;
				ENABLE_TESTABILITY = YES;
				ENABLE_USER_SCRIPT_SANDBOXING = YES;
				GCC_C_LANGUAGE_STANDARD = gnu17;
				GCC_DYNAMIC_NO_PIC = NO;
				GCC_NO_COMMON_BLOCKS = YES;
				GCC_OPTIMIZATION_LEVEL = 0;
				GCC_PREPROCESSOR_DEFINITIONS = (
					"DEBUG=1",
					"$(inherited)",
				);
				GCC_WARN_64_TO_32_BIT_CONVERSION = YES;
				GCC_WARN_ABOUT_RETURN_TYPE = YES_ERROR;
				GCC_WARN_UNDECLARED_SELECTOR = YES;
				GCC_WARN_UNINITIALIZED_AUTOS = YES_AGGRESSIVE;
				GCC_WARN_UNUSED_FUNCTION = YES;
				GCC_WARN_UNUSED_VARIABLE = YES;
				IPHONEOS_DEPLOYMENT_TARGET = 17.0;
				LOCALIZATION_PREFERS_STRING_CATALOGS = YES;
				MTL_ENABLE_DEBUG_INFO = INCLUDE_SOURCE;
				MTL_FAST_MATH = YES;
				ONLY_ACTIVE_ARCH = YES;
				SDKROOT = iphoneos;
				SWIFT_ACTIVE_COMPILATION_CONDITIONS = "DEBUG $(inherited)";
				SWIFT_OPTIMIZATION_LEVEL = "-Onone";
			};
			name = Debug;
		};
		E77881552BCD5B58002CACA6 /* Release */ = {
			isa = XCBuildConfiguration;
			buildSettings = {
				ALWAYS_SEARCH_USER_PATHS = NO;
				ASSETCATALOG_COMPILER_GENERATE_SWIFT_ASSET_SYMBOL_EXTENSIONS = YES;
				CLANG_ANALYZER_NONNULL = YES;
				CLANG_ANALYZER_NUMBER_OBJECT_CONVERSION = YES_AGGRESSIVE;
				CLANG_CXX_LANGUAGE_STANDARD = "gnu++20";
				CLANG_ENABLE_MODULES = YES;
				CLANG_ENABLE_OBJC_ARC = YES;
				CLANG_ENABLE_OBJC_WEAK = YES;
				CLANG_WARN_BLOCK_CAPTURE_AUTORELEASING = YES;
				CLANG_WARN_BOOL_CONVERSION = YES;
				CLANG_WARN_COMMA = YES;
				CLANG_WARN_CONSTANT_CONVERSION = YES;
				CLANG_WARN_DEPRECATED_OBJC_IMPLEMENTATIONS = YES;
				CLANG_WARN_DIRECT_OBJC_ISA_USAGE = YES_ERROR;
				CLANG_WARN_DOCUMENTATION_COMMENTS = YES;
				CLANG_WARN_EMPTY_BODY = YES;
				CLANG_WARN_ENUM_CONVERSION = YES;
				CLANG_WARN_INFINITE_RECURSION = YES;
				CLANG_WARN_INT_CONVERSION = YES;
				CLANG_WARN_NON_LITERAL_NULL_CONVERSION = YES;
				CLANG_WARN_OBJC_IMPLICIT_RETAIN_SELF = YES;
				CLANG_WARN_OBJC_LITERAL_CONVERSION = YES;
				CLANG_WARN_OBJC_ROOT_CLASS = YES_ERROR;
				CLANG_WARN_QUOTED_INCLUDE_IN_FRAMEWORK_HEADER = YES;
				CLANG_WARN_RANGE_LOOP_ANALYSIS = YES;
				CLANG_WARN_STRICT_PROTOTYPES = YES;
				CLANG_WARN_SUSPICIOUS_MOVE = YES;
				CLANG_WARN_UNGUARDED_AVAILABILITY = YES_AGGRESSIVE;
				CLANG_WARN_UNREACHABLE_CODE = YES;
				CLANG_WARN__DUPLICATE_METHOD_MATCH = YES;
				COPY_PHASE_STRIP = NO;
				DEBUG_INFORMATION_FORMAT = "dwarf-with-dsym";
				ENABLE_NS_ASSERTIONS = NO;
				ENABLE_STRICT_OBJC_MSGSEND = YES;
				ENABLE_USER_SCRIPT_SANDBOXING = YES;
				GCC_C_LANGUAGE_STANDARD = gnu17;
				GCC_NO_COMMON_BLOCKS = YES;
				GCC_WARN_64_TO_32_BIT_CONVERSION = YES;
				GCC_WARN_ABOUT_RETURN_TYPE = YES_ERROR;
				GCC_WARN_UNDECLARED_SELECTOR = YES;
				GCC_WARN_UNINITIALIZED_AUTOS = YES_AGGRESSIVE;
				GCC_WARN_UNUSED_FUNCTION = YES;
				GCC_WARN_UNUSED_VARIABLE = YES;
				IPHONEOS_DEPLOYMENT_TARGET = 17.0;
				LOCALIZATION_PREFERS_STRING_CATALOGS = YES;
				MTL_ENABLE_DEBUG_INFO = NO;
				MTL_FAST_MATH = YES;
				SDKROOT = iphoneos;
				SWIFT_COMPILATION_MODE = wholemodule;
				VALIDATE_PRODUCT = YES;
			};
			name = Release;
		};
		E77881572BCD5B58002CACA6 /* Debug */ = {
			isa = XCBuildConfiguration;
			buildSettings = {
				ASSETCATALOG_COMPILER_APPICON_NAME = AppIcon;
				ASSETCATALOG_COMPILER_GLOBAL_ACCENT_COLOR_NAME = AccentColor;
				CODE_SIGN_STYLE = Automatic;
				CURRENT_PROJECT_VERSION = 1;
				DEVELOPMENT_ASSET_PATHS = "\"Appetizers/Preview Content\"";
				DEVELOPMENT_TEAM = 5X5YVGM7KV;
				ENABLE_PREVIEWS = YES;
				GENERATE_INFOPLIST_FILE = YES;
				INFOPLIST_KEY_UIApplicationSceneManifest_Generation = YES;
				INFOPLIST_KEY_UIApplicationSupportsIndirectInputEvents = YES;
				INFOPLIST_KEY_UILaunchScreen_Generation = YES;
				INFOPLIST_KEY_UISupportedInterfaceOrientations_iPad = "UIInterfaceOrientationPortrait UIInterfaceOrientationPortraitUpsideDown UIInterfaceOrientationLandscapeLeft UIInterfaceOrientationLandscapeRight";
				INFOPLIST_KEY_UISupportedInterfaceOrientations_iPhone = "UIInterfaceOrientationPortrait UIInterfaceOrientationLandscapeLeft UIInterfaceOrientationLandscapeRight";
				LD_RUNPATH_SEARCH_PATHS = (
					"$(inherited)",
					"@executable_path/Frameworks",
				);
				MARKETING_VERSION = 1.0;
				PRODUCT_BUNDLE_IDENTIFIER = "-23.Appetizers";
				PRODUCT_NAME = "$(TARGET_NAME)";
				SWIFT_EMIT_LOC_STRINGS = YES;
				SWIFT_VERSION = 5.0;
				TARGETED_DEVICE_FAMILY = "1,2";
			};
			name = Debug;
		};
		E77881582BCD5B58002CACA6 /* Release */ = {
			isa = XCBuildConfiguration;
			buildSettings = {
				ASSETCATALOG_COMPILER_APPICON_NAME = AppIcon;
				ASSETCATALOG_COMPILER_GLOBAL_ACCENT_COLOR_NAME = AccentColor;
				CODE_SIGN_STYLE = Automatic;
				CURRENT_PROJECT_VERSION = 1;
				DEVELOPMENT_ASSET_PATHS = "\"Appetizers/Preview Content\"";
				DEVELOPMENT_TEAM = 5X5YVGM7KV;
				ENABLE_PREVIEWS = YES;
				GENERATE_INFOPLIST_FILE = YES;
				INFOPLIST_KEY_UIApplicationSceneManifest_Generation = YES;
				INFOPLIST_KEY_UIApplicationSupportsIndirectInputEvents = YES;
				INFOPLIST_KEY_UILaunchScreen_Generation = YES;
				INFOPLIST_KEY_UISupportedInterfaceOrientations_iPad = "UIInterfaceOrientationPortrait UIInterfaceOrientationPortraitUpsideDown UIInterfaceOrientationLandscapeLeft UIInterfaceOrientationLandscapeRight";
				INFOPLIST_KEY_UISupportedInterfaceOrientations_iPhone = "UIInterfaceOrientationPortrait UIInterfaceOrientationLandscapeLeft UIInterfaceOrientationLandscapeRight";
				LD_RUNPATH_SEARCH_PATHS = (
					"$(inherited)",
					"@executable_path/Frameworks",
				);
				MARKETING_VERSION = 1.0;
				PRODUCT_BUNDLE_IDENTIFIER = "-23.Appetizers";
				PRODUCT_NAME = "$(TARGET_NAME)";
				SWIFT_EMIT_LOC_STRINGS = YES;
				SWIFT_VERSION = 5.0;
				TARGETED_DEVICE_FAMILY = "1,2";
			};
			name = Release;
		};
		E778815A2BCD5B58002CACA6 /* Debug */ = {
			isa = XCBuildConfiguration;
			buildSettings = {
				ALWAYS_EMBED_SWIFT_STANDARD_LIBRARIES = YES;
				BUNDLE_LOADER = "$(TEST_HOST)";
				CODE_SIGN_STYLE = Automatic;
				CURRENT_PROJECT_VERSION = 1;
				DEVELOPMENT_TEAM = 5X5YVGM7KV;
				GENERATE_INFOPLIST_FILE = YES;
				IPHONEOS_DEPLOYMENT_TARGET = 17.0;
				MARKETING_VERSION = 1.0;
				PRODUCT_BUNDLE_IDENTIFIER = "-23.AppetizersTests";
				PRODUCT_NAME = "$(TARGET_NAME)";
				SWIFT_EMIT_LOC_STRINGS = NO;
				SWIFT_VERSION = 5.0;
				TARGETED_DEVICE_FAMILY = "1,2";
				TEST_HOST = "$(BUILT_PRODUCTS_DIR)/Appetizers.app/$(BUNDLE_EXECUTABLE_FOLDER_PATH)/Appetizers";
			};
			name = Debug;
		};
		E778815B2BCD5B58002CACA6 /* Release */ = {
			isa = XCBuildConfiguration;
			buildSettings = {
				ALWAYS_EMBED_SWIFT_STANDARD_LIBRARIES = YES;
				BUNDLE_LOADER = "$(TEST_HOST)";
				CODE_SIGN_STYLE = Automatic;
				CURRENT_PROJECT_VERSION = 1;
				DEVELOPMENT_TEAM = 5X5YVGM7KV;
				GENERATE_INFOPLIST_FILE = YES;
				IPHONEOS_DEPLOYMENT_TARGET = 17.0;
				MARKETING_VERSION = 1.0;
				PRODUCT_BUNDLE_IDENTIFIER = "-23.AppetizersTests";
				PRODUCT_NAME = "$(TARGET_NAME)";
				SWIFT_EMIT_LOC_STRINGS = NO;
				SWIFT_VERSION = 5.0;
				TARGETED_DEVICE_FAMILY = "1,2";
				TEST_HOST = "$(BUILT_PRODUCTS_DIR)/Appetizers.app/$(BUNDLE_EXECUTABLE_FOLDER_PATH)/Appetizers";
			};
			name = Release;
		};
		E778815D2BCD5B58002CACA6 /* Debug */ = {
			isa = XCBuildConfiguration;
			buildSettings = {
				ALWAYS_EMBED_SWIFT_STANDARD_LIBRARIES = YES;
				CODE_SIGN_STYLE = Automatic;
				CURRENT_PROJECT_VERSION = 1;
				DEVELOPMENT_TEAM = 5X5YVGM7KV;
				GENERATE_INFOPLIST_FILE = YES;
				MARKETING_VERSION = 1.0;
				PRODUCT_BUNDLE_IDENTIFIER = "-23.AppetizersUITests";
				PRODUCT_NAME = "$(TARGET_NAME)";
				SWIFT_EMIT_LOC_STRINGS = NO;
				SWIFT_VERSION = 5.0;
				TARGETED_DEVICE_FAMILY = "1,2";
				TEST_TARGET_NAME = Appetizers;
			};
			name = Debug;
		};
		E778815E2BCD5B58002CACA6 /* Release */ = {
			isa = XCBuildConfiguration;
			buildSettings = {
				ALWAYS_EMBED_SWIFT_STANDARD_LIBRARIES = YES;
				CODE_SIGN_STYLE = Automatic;
				CURRENT_PROJECT_VERSION = 1;
				DEVELOPMENT_TEAM = 5X5YVGM7KV;
				GENERATE_INFOPLIST_FILE = YES;
				MARKETING_VERSION = 1.0;
				PRODUCT_BUNDLE_IDENTIFIER = "-23.AppetizersUITests";
				PRODUCT_NAME = "$(TARGET_NAME)";
				SWIFT_EMIT_LOC_STRINGS = NO;
				SWIFT_VERSION = 5.0;
				TARGETED_DEVICE_FAMILY = "1,2";
				TEST_TARGET_NAME = Appetizers;
			};
			name = Release;
		};
/* End XCBuildConfiguration section */

/* Begin XCConfigurationList section */
		E778812D2BCD5B55002CACA6 /* Build configuration list for PBXProject "Appetizers" */ = {
			isa = XCConfigurationList;
			buildConfigurations = (
				E77881542BCD5B58002CACA6 /* Debug */,
				E77881552BCD5B58002CACA6 /* Release */,
			);
			defaultConfigurationIsVisible = 0;
			defaultConfigurationName = Release;
		};
		E77881562BCD5B58002CACA6 /* Build configuration list for PBXNativeTarget "Appetizers" */ = {
			isa = XCConfigurationList;
			buildConfigurations = (
				E77881572BCD5B58002CACA6 /* Debug */,
				E77881582BCD5B58002CACA6 /* Release */,
			);
			defaultConfigurationIsVisible = 0;
			defaultConfigurationName = Release;
		};
		E77881592BCD5B58002CACA6 /* Build configuration list for PBXNativeTarget "AppetizersTests" */ = {
			isa = XCConfigurationList;
			buildConfigurations = (
				E778815A2BCD5B58002CACA6 /* Debug */,
				E778815B2BCD5B58002CACA6 /* Release */,
			);
			defaultConfigurationIsVisible = 0;
			defaultConfigurationName = Release;
		};
		E778815C2BCD5B58002CACA6 /* Build configuration list for PBXNativeTarget "AppetizersUITests" */ = {
			isa = XCConfigurationList;
			buildConfigurations = (
				E778815D2BCD5B58002CACA6 /* Debug */,
				E778815E2BCD5B58002CACA6 /* Release */,
			);
			defaultConfigurationIsVisible = 0;
			defaultConfigurationName = Release;
		};
/* End XCConfigurationList section */
	};
	rootObject = E778812A2BCD5B55002CACA6 /* Project object */;
}
